// !$*UTF8*$!
{
	archiveVersion = 1;
	classes = {
	};
	objectVersion = 46;
	objects = {

/* Begin PBXBuildFile section */
		336489D71F6FBEC700ABD154 /* main.m in Sources */ = {isa = PBXBuildFile; fileRef = 336489D61F6FBEC700ABD154 /* main.m */; };
		336489DA1F6FBEC700ABD154 /* AppDelegate.m in Sources */ = {isa = PBXBuildFile; fileRef = 336489D91F6FBEC700ABD154 /* AppDelegate.m */; };
		336489DD1F6FBEC700ABD154 /* ViewController.m in Sources */ = {isa = PBXBuildFile; fileRef = 336489DC1F6FBEC700ABD154 /* ViewController.m */; };
		336489E01F6FBEC700ABD154 /* Main.storyboard in Resources */ = {isa = PBXBuildFile; fileRef = 336489DE1F6FBEC700ABD154 /* Main.storyboard */; };
		336489E21F6FBEC700ABD154 /* Assets.xcassets in Resources */ = {isa = PBXBuildFile; fileRef = 336489E11F6FBEC700ABD154 /* Assets.xcassets */; };
		336489E51F6FBEC700ABD154 /* LaunchScreen.storyboard in Resources */ = {isa = PBXBuildFile; fileRef = 336489E31F6FBEC700ABD154 /* LaunchScreen.storyboard */; };
		336489F01F6FBEC800ABD154 /* CircleProgressViewDemoCTests.m in Sources */ = {isa = PBXBuildFile; fileRef = 336489EF1F6FBEC800ABD154 /* CircleProgressViewDemoCTests.m */; };
		336489FB1F6FBEC800ABD154 /* CircleProgressViewDemoCUITests.m in Sources */ = {isa = PBXBuildFile; fileRef = 336489FA1F6FBEC800ABD154 /* CircleProgressViewDemoCUITests.m */; };
		33648A0A1F6FBF0F00ABD154 /* XHJCircleProgressView.m in Sources */ = {isa = PBXBuildFile; fileRef = 33648A091F6FBF0F00ABD154 /* XHJCircleProgressView.m */; };
/* End PBXBuildFile section */

/* Begin PBXContainerItemProxy section */
		336489EC1F6FBEC700ABD154 /* PBXContainerItemProxy */ = {
			isa = PBXContainerItemProxy;
			containerPortal = 336489CA1F6FBEC700ABD154 /* Project object */;
			proxyType = 1;
			remoteGlobalIDString = 336489D11F6FBEC700ABD154;
			remoteInfo = CircleProgressViewDemoC;
		};
		336489F71F6FBEC800ABD154 /* PBXContainerItemProxy */ = {
			isa = PBXContainerItemProxy;
			containerPortal = 336489CA1F6FBEC700ABD154 /* Project object */;
			proxyType = 1;
			remoteGlobalIDString = 336489D11F6FBEC700ABD154;
			remoteInfo = CircleProgressViewDemoC;
		};
/* End PBXContainerItemProxy section */

/* Begin PBXFileReference section */
		336489D21F6FBEC700ABD154 /* CircleProgressViewDemoC.app */ = {isa = PBXFileReference; explicitFileType = wrapper.application; includeInIndex = 0; path = CircleProgressViewDemoC.app; sourceTree = BUILT_PRODUCTS_DIR; };
		336489D61F6FBEC700ABD154 /* main.m */ = {isa = PBXFileReference; lastKnownFileType = sourcecode.c.objc; path = main.m; sourceTree = "<group>"; };
		336489D81F6FBEC700ABD154 /* AppDelegate.h */ = {isa = PBXFileReference; lastKnownFileType = sourcecode.c.h; path = AppDelegate.h; sourceTree = "<group>"; };
		336489D91F6FBEC700ABD154 /* AppDelegate.m */ = {isa = PBXFileReference; lastKnownFileType = sourcecode.c.objc; path = AppDelegate.m; sourceTree = "<group>"; };
		336489DB1F6FBEC700ABD154 /* ViewController.h */ = {isa = PBXFileReference; lastKnownFileType = sourcecode.c.h; path = ViewController.h; sourceTree = "<group>"; };
		336489DC1F6FBEC700ABD154 /* ViewController.m */ = {isa = PBXFileReference; lastKnownFileType = sourcecode.c.objc; path = ViewController.m; sourceTree = "<group>"; };
		336489DF1F6FBEC700ABD154 /* Base */ = {isa = PBXFileReference; lastKnownFileType = file.storyboard; name = Base; path = Base.lproj/Main.storyboard; sourceTree = "<group>"; };
		336489E11F6FBEC700ABD154 /* Assets.xcassets */ = {isa = PBXFileReference; lastKnownFileType = folder.assetcatalog; path = Assets.xcassets; sourceTree = "<group>"; };
		336489E41F6FBEC700ABD154 /* Base */ = {isa = PBXFileReference; lastKnownFileType = file.storyboard; name = Base; path = Base.lproj/LaunchScreen.storyboard; sourceTree = "<group>"; };
		336489E61F6FBEC700ABD154 /* Info.plist */ = {isa = PBXFileReference; lastKnownFileType = text.plist.xml; path = Info.plist; sourceTree = "<group>"; };
		336489EB1F6FBEC700ABD154 /* CircleProgressViewDemoCTests.xctest */ = {isa = PBXFileReference; explicitFileType = wrapper.cfbundle; includeInIndex = 0; path = CircleProgressViewDemoCTests.xctest; sourceTree = BUILT_PRODUCTS_DIR; };
		336489EF1F6FBEC800ABD154 /* CircleProgressViewDemoCTests.m */ = {isa = PBXFileReference; lastKnownFileType = sourcecode.c.objc; path = CircleProgressViewDemoCTests.m; sourceTree = "<group>"; };
		336489F11F6FBEC800ABD154 /* Info.plist */ = {isa = PBXFileReference; lastKnownFileType = text.plist.xml; path = Info.plist; sourceTree = "<group>"; };
		336489F61F6FBEC800ABD154 /* CircleProgressViewDemoCUITests.xctest */ = {isa = PBXFileReference; explicitFileType = wrapper.cfbundle; includeInIndex = 0; path = CircleProgressViewDemoCUITests.xctest; sourceTree = BUILT_PRODUCTS_DIR; };
		336489FA1F6FBEC800ABD154 /* CircleProgressViewDemoCUITests.m */ = {isa = PBXFileReference; lastKnownFileType = sourcecode.c.objc; path = CircleProgressViewDemoCUITests.m; sourceTree = "<group>"; };
		336489FC1F6FBEC800ABD154 /* Info.plist */ = {isa = PBXFileReference; lastKnownFileType = text.plist.xml; path = Info.plist; sourceTree = "<group>"; };
		33648A081F6FBF0F00ABD154 /* XHJCircleProgressView.h */ = {isa = PBXFileReference; fileEncoding = 4; lastKnownFileType = sourcecode.c.h; path = XHJCircleProgressView.h; sourceTree = "<group>"; };
		33648A091F6FBF0F00ABD154 /* XHJCircleProgressView.m */ = {isa = PBXFileReference; fileEncoding = 4; lastKnownFileType = sourcecode.c.objc; path = XHJCircleProgressView.m; sourceTree = "<group>"; };
/* End PBXFileReference section */

/* Begin PBXFrameworksBuildPhase section */
		336489CF1F6FBEC700ABD154 /* Frameworks */ = {
			isa = PBXFrameworksBuildPhase;
			buildActionMask = 2147483647;
			files = (
			);
			runOnlyForDeploymentPostprocessing = 0;
		};
		336489E81F6FBEC700ABD154 /* Frameworks */ = {
			isa = PBXFrameworksBuildPhase;
			buildActionMask = 2147483647;
			files = (
			);
			runOnlyForDeploymentPostprocessing = 0;
		};
		336489F31F6FBEC800ABD154 /* Frameworks */ = {
			isa = PBXFrameworksBuildPhase;
			buildActionMask = 2147483647;
			files = (
			);
			runOnlyForDeploymentPostprocessing = 0;
		};
/* End PBXFrameworksBuildPhase section */

/* Begin PBXGroup section */
		336489C91F6FBEC700ABD154 = {
			isa = PBXGroup;
			children = (
				336489D41F6FBEC700ABD154 /* CircleProgressViewDemoC */,
				336489EE1F6FBEC800ABD154 /* CircleProgressViewDemoCTests */,
				336489F91F6FBEC800ABD154 /* CircleProgressViewDemoCUITests */,
				336489D31F6FBEC700ABD154 /* Products */,
			);
			sourceTree = "<group>";
		};
		336489D31F6FBEC700ABD154 /* Products */ = {
			isa = PBXGroup;
			children = (
				336489D21F6FBEC700ABD154 /* CircleProgressViewDemoC.app */,
				336489EB1F6FBEC700ABD154 /* CircleProgressViewDemoCTests.xctest */,
				336489F61F6FBEC800ABD154 /* CircleProgressViewDemoCUITests.xctest */,
			);
			name = Products;
			sourceTree = "<group>";
		};
		336489D41F6FBEC700ABD154 /* CircleProgressViewDemoC */ = {
			isa = PBXGroup;
			children = (
				33648A0B1F6FC49B00ABD154 /* class */,
				336489D81F6FBEC700ABD154 /* AppDelegate.h */,
				336489D91F6FBEC700ABD154 /* AppDelegate.m */,
				336489DB1F6FBEC700ABD154 /* ViewController.h */,
				336489DC1F6FBEC700ABD154 /* ViewController.m */,
				336489DE1F6FBEC700ABD154 /* Main.storyboard */,
				336489E11F6FBEC700ABD154 /* Assets.xcassets */,
				336489E31F6FBEC700ABD154 /* LaunchScreen.storyboard */,
				336489E61F6FBEC700ABD154 /* Info.plist */,
				336489D51F6FBEC700ABD154 /* Supporting Files */,
			);
			path = CircleProgressViewDemoC;
			sourceTree = "<group>";
		};
		336489D51F6FBEC700ABD154 /* Supporting Files */ = {
			isa = PBXGroup;
			children = (
				336489D61F6FBEC700ABD154 /* main.m */,
			);
			name = "Supporting Files";
			sourceTree = "<group>";
		};
		336489EE1F6FBEC800ABD154 /* CircleProgressViewDemoCTests */ = {
			isa = PBXGroup;
			children = (
				336489EF1F6FBEC800ABD154 /* CircleProgressViewDemoCTests.m */,
				336489F11F6FBEC800ABD154 /* Info.plist */,
			);
			path = CircleProgressViewDemoCTests;
			sourceTree = "<group>";
		};
		336489F91F6FBEC800ABD154 /* CircleProgressViewDemoCUITests */ = {
			isa = PBXGroup;
			children = (
				336489FA1F6FBEC800ABD154 /* CircleProgressViewDemoCUITests.m */,
				336489FC1F6FBEC800ABD154 /* Info.plist */,
			);
			path = CircleProgressViewDemoCUITests;
			sourceTree = "<group>";
		};
		33648A0B1F6FC49B00ABD154 /* class */ = {
			isa = PBXGroup;
			children = (
				33648A081F6FBF0F00ABD154 /* XHJCircleProgressView.h */,
				33648A091F6FBF0F00ABD154 /* XHJCircleProgressView.m */,
			);
			name = class;
			sourceTree = "<group>";
		};
/* End PBXGroup section */

/* Begin PBXNativeTarget section */
		336489D11F6FBEC700ABD154 /* CircleProgressViewDemoC */ = {
			isa = PBXNativeTarget;
			buildConfigurationList = 336489FF1F6FBEC800ABD154 /* Build configuration list for PBXNativeTarget "CircleProgressViewDemoC" */;
			buildPhases = (
				336489CE1F6FBEC700ABD154 /* Sources */,
				336489CF1F6FBEC700ABD154 /* Frameworks */,
				336489D01F6FBEC700ABD154 /* Resources */,
			);
			buildRules = (
			);
			dependencies = (
			);
			name = CircleProgressViewDemoC;
			productName = CircleProgressViewDemoC;
			productReference = 336489D21F6FBEC700ABD154 /* CircleProgressViewDemoC.app */;
			productType = "com.apple.product-type.application";
		};
		336489EA1F6FBEC700ABD154 /* CircleProgressViewDemoCTests */ = {
			isa = PBXNativeTarget;
			buildConfigurationList = 33648A021F6FBEC800ABD154 /* Build configuration list for PBXNativeTarget "CircleProgressViewDemoCTests" */;
			buildPhases = (
				336489E71F6FBEC700ABD154 /* Sources */,
				336489E81F6FBEC700ABD154 /* Frameworks */,
				336489E91F6FBEC700ABD154 /* Resources */,
			);
			buildRules = (
			);
			dependencies = (
				336489ED1F6FBEC700ABD154 /* PBXTargetDependency */,
			);
			name = CircleProgressViewDemoCTests;
			productName = CircleProgressViewDemoCTests;
			productReference = 336489EB1F6FBEC700ABD154 /* CircleProgressViewDemoCTests.xctest */;
			productType = "com.apple.product-type.bundle.unit-test";
		};
		336489F51F6FBEC800ABD154 /* CircleProgressViewDemoCUITests */ = {
			isa = PBXNativeTarget;
			buildConfigurationList = 33648A051F6FBEC800ABD154 /* Build configuration list for PBXNativeTarget "CircleProgressViewDemoCUITests" */;
			buildPhases = (
				336489F21F6FBEC800ABD154 /* Sources */,
				336489F31F6FBEC800ABD154 /* Frameworks */,
				336489F41F6FBEC800ABD154 /* Resources */,
			);
			buildRules = (
			);
			dependencies = (
				336489F81F6FBEC800ABD154 /* PBXTargetDependency */,
			);
			name = CircleProgressViewDemoCUITests;
			productName = CircleProgressViewDemoCUITests;
			productReference = 336489F61F6FBEC800ABD154 /* CircleProgressViewDemoCUITests.xctest */;
			productType = "com.apple.product-type.bundle.ui-testing";
		};
/* End PBXNativeTarget section */

/* Begin PBXProject section */
		336489CA1F6FBEC700ABD154 /* Project object */ = {
			isa = PBXProject;
			attributes = {
				LastUpgradeCheck = 0830;
				ORGANIZATIONNAME = SiYugui;
				TargetAttributes = {
					336489D11F6FBEC700ABD154 = {
						CreatedOnToolsVersion = 8.3.3;
						DevelopmentTeam = DZV5JXKUPU;
						ProvisioningStyle = Automatic;
					};
					336489EA1F6FBEC700ABD154 = {
						CreatedOnToolsVersion = 8.3.3;
						ProvisioningStyle = Automatic;
						TestTargetID = 336489D11F6FBEC700ABD154;
					};
					336489F51F6FBEC800ABD154 = {
						CreatedOnToolsVersion = 8.3.3;
						ProvisioningStyle = Automatic;
						TestTargetID = 336489D11F6FBEC700ABD154;
					};
				};
			};
			buildConfigurationList = 336489CD1F6FBEC700ABD154 /* Build configuration list for PBXProject "CircleProgressViewDemoC" */;
			compatibilityVersion = "Xcode 3.2";
			developmentRegion = English;
			hasScannedForEncodings = 0;
			knownRegions = (
				en,
				Base,
			);
			mainGroup = 336489C91F6FBEC700ABD154;
			productRefGroup = 336489D31F6FBEC700ABD154 /* Products */;
			projectDirPath = "";
			projectRoot = "";
			targets = (
				336489D11F6FBEC700ABD154 /* CircleProgressViewDemoC */,
				336489EA1F6FBEC700ABD154 /* CircleProgressViewDemoCTests */,
				336489F51F6FBEC800ABD154 /* CircleProgressViewDemoCUITests */,
			);
		};
/* End PBXProject section */

/* Begin PBXResourcesBuildPhase section */
		336489D01F6FBEC700ABD154 /* Resources */ = {
			isa = PBXResourcesBuildPhase;
			buildActionMask = 2147483647;
			files = (
				336489E51F6FBEC700ABD154 /* LaunchScreen.storyboard in Resources */,
				336489E21F6FBEC700ABD154 /* Assets.xcassets in Resources */,
				336489E01F6FBEC700ABD154 /* Main.storyboard in Resources */,
			);
			runOnlyForDeploymentPostprocessing = 0;
		};
		336489E91F6FBEC700ABD154 /* Resources */ = {
			isa = PBXResourcesBuildPhase;
			buildActionMask = 2147483647;
			files = (
			);
			runOnlyForDeploymentPostprocessing = 0;
		};
		336489F41F6FBEC800ABD154 /* Resources */ = {
			isa = PBXResourcesBuildPhase;
			buildActionMask = 2147483647;
			files = (
			);
			runOnlyForDeploymentPostprocessing = 0;
		};
/* End PBXResourcesBuildPhase section */

/* Begin PBXSourcesBuildPhase section */
		336489CE1F6FBEC700ABD154 /* Sources */ = {
			isa = PBXSourcesBuildPhase;
			buildActionMask = 2147483647;
			files = (
				336489DD1F6FBEC700ABD154 /* ViewController.m in Sources */,
				336489DA1F6FBEC700ABD154 /* AppDelegate.m in Sources */,
				33648A0A1F6FBF0F00ABD154 /* XHJCircleProgressView.m in Sources */,
				336489D71F6FBEC700ABD154 /* main.m in Sources */,
			);
			runOnlyForDeploymentPostprocessing = 0;
		};
		336489E71F6FBEC700ABD154 /* Sources */ = {
			isa = PBXSourcesBuildPhase;
			buildActionMask = 2147483647;
			files = (
				336489F01F6FBEC800ABD154 /* CircleProgressViewDemoCTests.m in Sources */,
			);
			runOnlyForDeploymentPostprocessing = 0;
		};
		336489F21F6FBEC800ABD154 /* Sources */ = {
			isa = PBXSourcesBuildPhase;
			buildActionMask = 2147483647;
			files = (
				336489FB1F6FBEC800ABD154 /* CircleProgressViewDemoCUITests.m in Sources */,
			);
			runOnlyForDeploymentPostprocessing = 0;
		};
/* End PBXSourcesBuildPhase section */

/* Begin PBXTargetDependency section */
		336489ED1F6FBEC700ABD154 /* PBXTargetDependency */ = {
			isa = PBXTargetDependency;
			target = 336489D11F6FBEC700ABD154 /* CircleProgressViewDemoC */;
			targetProxy = 336489EC1F6FBEC700ABD154 /* PBXContainerItemProxy */;
		};
		336489F81F6FBEC800ABD154 /* PBXTargetDependency */ = {
			isa = PBXTargetDependency;
			target = 336489D11F6FBEC700ABD154 /* CircleProgressViewDemoC */;
			targetProxy = 336489F71F6FBEC800ABD154 /* PBXContainerItemProxy */;
		};
/* End PBXTargetDependency section */

/* Begin PBXVariantGroup section */
		336489DE1F6FBEC700ABD154 /* Main.storyboard */ = {
			isa = PBXVariantGroup;
			children = (
				336489DF1F6FBEC700ABD154 /* Base */,
			);
			name = Main.storyboard;
			sourceTree = "<group>";
		};
		336489E31F6FBEC700ABD154 /* LaunchScreen.storyboard */ = {
			isa = PBXVariantGroup;
			children = (
				336489E41F6FBEC700ABD154 /* Base */,
			);
			name = LaunchScreen.storyboard;
			sourceTree = "<group>";
		};
/* End PBXVariantGroup section */

/* Begin XCBuildConfiguration section */
		336489FD1F6FBEC800ABD154 /* Debug */ = {
			isa = XCBuildConfiguration;
			buildSettings = {
				ALWAYS_SEARCH_USER_PATHS = NO;
				CLANG_ANALYZER_NONNULL = YES;
				CLANG_ANALYZER_NUMBER_OBJECT_CONVERSION = YES_AGGRESSIVE;
				CLANG_CXX_LANGUAGE_STANDARD = "gnu++0x";
				CLANG_CXX_LIBRARY = "libc++";
				CLANG_ENABLE_MODULES = YES;
				CLANG_ENABLE_OBJC_ARC = YES;
				CLANG_WARN_BOOL_CONVERSION = YES;
				CLANG_WARN_CONSTANT_CONVERSION = YES;
				CLANG_WARN_DIRECT_OBJC_ISA_USAGE = YES_ERROR;
				CLANG_WARN_DOCUMENTATION_COMMENTS = YES;
				CLANG_WARN_EMPTY_BODY = YES;
				CLANG_WARN_ENUM_CONVERSION = YES;
				CLANG_WARN_INFINITE_RECURSION = YES;
				CLANG_WARN_INT_CONVERSION = YES;
				CLANG_WARN_OBJC_ROOT_CLASS = YES_ERROR;
				CLANG_WARN_SUSPICIOUS_MOVE = YES;
				CLANG_WARN_UNREACHABLE_CODE = YES;
				CLANG_WARN__DUPLICATE_METHOD_MATCH = YES;
				"CODE_SIGN_IDENTITY[sdk=iphoneos*]" = "iPhone Developer";
				COPY_PHASE_STRIP = NO;
				DEBUG_INFORMATION_FORMAT = dwarf;
				ENABLE_STRICT_OBJC_MSGSEND = YES;
				ENABLE_TESTABILITY = YES;
				GCC_C_LANGUAGE_STANDARD = gnu99;
				GCC_DYNAMIC_NO_PIC = NO;
				GCC_NO_COMMON_BLOCKS = YES;
				GCC_OPTIMIZATION_LEVEL = 0;
				GCC_PREPROCESSOR_DEFINITIONS = (
					"DEBUG=1",
					"$(inherited)",
				);
				GCC_WARN_64_TO_32_BIT_CONVERSION = YES;
				GCC_WARN_ABOUT_RETURN_TYPE = YES_ERROR;
				GCC_WARN_UNDECLARED_SELECTOR = YES;
				GCC_WARN_UNINITIALIZED_AUTOS = YES_AGGRESSIVE;
				GCC_WARN_UNUSED_FUNCTION = YES;
				GCC_WARN_UNUSED_VARIABLE = YES;
				IPHONEOS_DEPLOYMENT_TARGET = 10.3;
				MTL_ENABLE_DEBUG_INFO = YES;
				ONLY_ACTIVE_ARCH = YES;
				SDKROOT = iphoneos;
			};
			name = Debug;
		};
		336489FE1F6FBEC800ABD154 /* Release */ = {
			isa = XCBuildConfiguration;
			buildSettings = {
				ALWAYS_SEARCH_USER_PATHS = NO;
				CLANG_ANALYZER_NONNULL = YES;
				CLANG_ANALYZER_NUMBER_OBJECT_CONVERSION = YES_AGGRESSIVE;
				CLANG_CXX_LANGUAGE_STANDARD = "gnu++0x";
				CLANG_CXX_LIBRARY = "libc++";
				CLANG_ENABLE_MODULES = YES;
				CLANG_ENABLE_OBJC_ARC = YES;
				CLANG_WARN_BOOL_CONVERSION = YES;
				CLANG_WARN_CONSTANT_CONVERSION = YES;
				CLANG_WARN_DIRECT_OBJC_ISA_USAGE = YES_ERROR;
				CLANG_WARN_DOCUMENTATION_COMMENTS = YES;
				CLANG_WARN_EMPTY_BODY = YES;
				CLANG_WARN_ENUM_CONVERSION = YES;
				CLANG_WARN_INFINITE_RECURSION = YES;
				CLANG_WARN_INT_CONVERSION = YES;
				CLANG_WARN_OBJC_ROOT_CLASS = YES_ERROR;
				CLANG_WARN_SUSPICIOUS_MOVE = YES;
				CLANG_WARN_UNREACHABLE_CODE = YES;
				CLANG_WARN__DUPLICATE_METHOD_MATCH = YES;
				"CODE_SIGN_IDENTITY[sdk=iphoneos*]" = "iPhone Developer";
				COPY_PHASE_STRIP = NO;
				DEBUG_INFORMATION_FORMAT = "dwarf-with-dsym";
				ENABLE_NS_ASSERTIONS = NO;
				ENABLE_STRICT_OBJC_MSGSEND = YES;
				GCC_C_LANGUAGE_STANDARD = gnu99;
				GCC_NO_COMMON_BLOCKS = YES;
				GCC_WARN_64_TO_32_BIT_CONVERSION = YES;
				GCC_WARN_ABOUT_RETURN_TYPE = YES_ERROR;
				GCC_WARN_UNDECLARED_SELECTOR = YES;
				GCC_WARN_UNINITIALIZED_AUTOS = YES_AGGRESSIVE;
				GCC_WARN_UNUSED_FUNCTION = YES;
				GCC_WARN_UNUSED_VARIABLE = YES;
				IPHONEOS_DEPLOYMENT_TARGET = 10.3;
				MTL_ENABLE_DEBUG_INFO = NO;
				SDKROOT = iphoneos;
				VALIDATE_PRODUCT = YES;
			};
			name = Release;
		};
		33648A001F6FBEC800ABD154 /* Debug */ = {
			isa = XCBuildConfiguration;
			buildSettings = {
				ASSETCATALOG_COMPILER_APPICON_NAME = AppIcon;
				DEVELOPMENT_TEAM = DZV5JXKUPU;
				INFOPLIST_FILE = CircleProgressViewDemoC/Info.plist;
				LD_RUNPATH_SEARCH_PATHS = "$(inherited) @executable_path/Frameworks";
				PRODUCT_BUNDLE_IDENTIFIER = edt.com.CircleProgressViewDemoC;
				PRODUCT_NAME = "$(TARGET_NAME)";
			};
			name = Debug;
		};
		33648A011F6FBEC800ABD154 /* Release */ = {
			isa = XCBuildConfiguration;
			buildSettings = {
				ASSETCATALOG_COMPILER_APPICON_NAME = AppIcon;
				DEVELOPMENT_TEAM = DZV5JXKUPU;
				INFOPLIST_FILE = CircleProgressViewDemoC/Info.plist;
				LD_RUNPATH_SEARCH_PATHS = "$(inherited) @executable_path/Frameworks";
				PRODUCT_BUNDLE_IDENTIFIER = edt.com.CircleProgressViewDemoC;
				PRODUCT_NAME = "$(TARGET_NAME)";
			};
			name = Release;
		};
		33648A031F6FBEC800ABD154 /* Debug */ = {
			isa = XCBuildConfiguration;
			buildSettings = {
				BUNDLE_LOADER = "$(TEST_HOST)";
				INFOPLIST_FILE = CircleProgressViewDemoCTests/Info.plist;
				LD_RUNPATH_SEARCH_PATHS = "$(inherited) @executable_path/Frameworks @loader_path/Frameworks";
				PRODUCT_BUNDLE_IDENTIFIER = edt.com.CircleProgressViewDemoCTests;
				PRODUCT_NAME = "$(TARGET_NAME)";
				TEST_HOST = "$(BUILT_PRODUCTS_DIR)/CircleProgressViewDemoC.app/CircleProgressViewDemoC";
			};
			name = Debug;
		};
		33648A041F6FBEC800ABD154 /* Release */ = {
			isa = XCBuildConfiguration;
			buildSettings = {
				BUNDLE_LOADER = "$(TEST_HOST)";
				INFOPLIST_FILE = CircleProgressViewDemoCTests/Info.plist;
				LD_RUNPATH_SEARCH_PATHS = "$(inherited) @executable_path/Frameworks @loader_path/Frameworks";
				PRODUCT_BUNDLE_IDENTIFIER = edt.com.CircleProgressViewDemoCTests;
				PRODUCT_NAME = "$(TARGET_NAME)";
				TEST_HOST = "$(BUILT_PRODUCTS_DIR)/CircleProgressViewDemoC.app/CircleProgressViewDemoC";
			};
			name = Release;
		};
		33648A061F6FBEC800ABD154 /* Debug */ = {
			isa = XCBuildConfiguration;
			buildSettings = {
				INFOPLIST_FILE = CircleProgressViewDemoCUITests/Info.plist;
				LD_RUNPATH_SEARCH_PATHS = "$(inherited) @executable_path/Frameworks @loader_path/Frameworks";
				PRODUCT_BUNDLE_IDENTIFIER = edt.com.CircleProgressViewDemoCUITests;
				PRODUCT_NAME = "$(TARGET_NAME)";
				TEST_TARGET_NAME = CircleProgressViewDemoC;
			};
			name = Debug;
		};
		33648A071F6FBEC800ABD154 /* Release */ = {
			isa = XCBuildConfiguration;
			buildSettings = {
				INFOPLIST_FILE = CircleProgressViewDemoCUITests/Info.plist;
				LD_RUNPATH_SEARCH_PATHS = "$(inherited) @executable_path/Frameworks @loader_path/Frameworks";
				PRODUCT_BUNDLE_IDENTIFIER = edt.com.CircleProgressViewDemoCUITests;
				PRODUCT_NAME = "$(TARGET_NAME)";
				TEST_TARGET_NAME = CircleProgressViewDemoC;
			};
			name = Release;
		};
/* End XCBuildConfiguration section */

/* Begin XCConfigurationList section */
		336489CD1F6FBEC700ABD154 /* Build configuration list for PBXProject "CircleProgressViewDemoC" */ = {
			isa = XCConfigurationList;
			buildConfigurations = (
				336489FD1F6FBEC800ABD154 /* Debug */,
				336489FE1F6FBEC800ABD154 /* Release */,
			);
			defaultConfigurationIsVisible = 0;
			defaultConfigurationName = Release;
		};
		336489FF1F6FBEC800ABD154 /* Build configuration list for PBXNativeTarget "CircleProgressViewDemoC" */ = {
			isa = XCConfigurationList;
			buildConfigurations = (
				33648A001F6FBEC800ABD154 /* Debug */,
				33648A011F6FBEC800ABD154 /* Release */,
			);
			defaultConfigurationIsVisible = 0;
		};
		33648A021F6FBEC800ABD154 /* Build configuration list for PBXNativeTarget "CircleProgressViewDemoCTests" */ = {
			isa = XCConfigurationList;
			buildConfigurations = (
				33648A031F6FBEC800ABD154 /* Debug */,
				33648A041F6FBEC800ABD154 /* Release */,
			);
			defaultConfigurationIsVisible = 0;
		};
		33648A051F6FBEC800ABD154 /* Build configuration list for PBXNativeTarget "CircleProgressViewDemoCUITests" */ = {
			isa = XCConfigurationList;
			buildConfigurations = (
				33648A061F6FBEC800ABD154 /* Debug */,
				33648A071F6FBEC800ABD154 /* Release */,
			);
			defaultConfigurationIsVisible = 0;
		};
/* End XCConfigurationList section */
	};
	rootObject = 336489CA1F6FBEC700ABD154 /* Project object */;
}
